{
  "name": "twirpscript-eagain",
  "lockfileVersion": 2,
  "requires": true,
  "packages": {
    "": {
      "dependencies": {
        "twirpscript": "^0.0.19",
        "typescript": "^4.4.4"
      }
    },
    "node_modules/@types/google-protobuf": {
      "version": "3.15.5",
      "resolved": "https://registry.npmjs.org/@types/google-protobuf/-/google-protobuf-3.15.5.tgz",
      "integrity": "sha512-6bgv24B+A2bo9AfzReeg5StdiijKzwwnRflA8RLd1V4Yv995LeTmo0z69/MPbBDFSiZWdZHQygLo/ccXhMEDgw=="
    },
    "node_modules/google-protobuf": {
      "version": "3.19.1",
      "resolved": "https://registry.npmjs.org/google-protobuf/-/google-protobuf-3.19.1.tgz",
      "integrity": "sha512-Isv1RlNC+IzZzilcxnlVSf+JvuhxmY7DaxYCBy+zPS9XVuJRtlTTIXR9hnZ1YL1MMusJn/7eSy2swCzZIomQSg=="
    },
    "node_modules/prettier": {
      "version": "2.4.1",
      "resolved": "https://registry.npmjs.org/prettier/-/prettier-2.4.1.tgz",
      "integrity": "sha512-9fbDAXSBcc6Bs1mZrDYb3XKzDLm4EXXL9sC1LqKP5rZkT6KRr/rf9amVUcODVXgguK/isJz0d0hP72WeaKWsvA==",
      "bin": {
        "prettier": "bin-prettier.js"
      },
      "engines": {
        "node": ">=10.13.0"
      }
    },
    "node_modules/twirpscript": {
      "version": "0.0.19",
      "resolved": "https://registry.npmjs.org/twirpscript/-/twirpscript-0.0.19.tgz",
      "integrity": "sha512-EGmQklTJ+ejJ9QuNE7c8jHh7Xn8L6ZycWsQ2VN8BBiAecIjG4BGQpNf8u4HtfSj/OGPYojrcINhq/i1bi+NSHg==",
      "dependencies": {
        "@types/google-protobuf": "^3.15.3",
        "google-protobuf": "^3.17.3",
        "prettier": "^2.1.1"
      },
      "bin": {
        "twirpscript": "dist/cli/index.js"
      }
    },
    "node_modules/typescript": {
      "version": "4.4.4",
      "resolved": "https://registry.npmjs.org/typescript/-/typescript-4.4.4.tgz",
      "integrity": "sha512-DqGhF5IKoBl8WNf8C1gu8q0xZSInh9j1kJJMqT3a94w1JzVaBU4EXOSMrz9yDqMT0xt3selp83fuFMQ0uzv6qA==",
      "bin": {
        "tsc": "bin/tsc",
        "tsserver": "bin/tsserver"
      },
      "engines": {
        "node": ">=4.2.0"
      }
    }
  },
  "dependencies": {
    "@types/google-protobuf": {
      "version": "3.15.5",
      "resolved": "https://registry.npmjs.org/@types/google-protobuf/-/google-protobuf-3.15.5.tgz",
      "integrity": "sha512-6bgv24B+A2bo9AfzReeg5StdiijKzwwnRflA8RLd1V4Yv995LeTmo0z69/MPbBDFSiZWdZHQygLo/ccXhMEDgw=="
    },
    "google-protobuf": {
      "version": "3.19.1",
      "resolved": "https://registry.npmjs.org/google-protobuf/-/google-protobuf-3.19.1.tgz",
      "integrity": "sha512-Isv1RlNC+IzZzilcxnlVSf+JvuhxmY7DaxYCBy+zPS9XVuJRtlTTIXR9hnZ1YL1MMusJn/7eSy2swCzZIomQSg=="
    },
    "prettier": {
      "version": "2.4.1",
      "resolved": "https://registry.npmjs.org/prettier/-/prettier-2.4.1.tgz",
      "integrity": "sha512-9fbDAXSBcc6Bs1mZrDYb3XKzDLm4EXXL9sC1LqKP5rZkT6KRr/rf9amVUcODVXgguK/isJz0d0hP72WeaKWsvA=="
    },
    "twirpscript": {
      "version": "0.0.19",
      "resolved": "https://registry.npmjs.org/twirpscript/-/twirpscript-0.0.19.tgz",
      "integrity": "sha512-EGmQklTJ+ejJ9QuNE7c8jHh7Xn8L6ZycWsQ2VN8BBiAecIjG4BGQpNf8u4HtfSj/OGPYojrcINhq/i1bi+NSHg==",
      "requires": {
        "@types/google-protobuf": "^3.15.3",
        "google-protobuf": "^3.17.3",
        "prettier": "^2.1.1"
      }
    },
    "typescript": {
      "version": "4.4.4",
      "resolved": "https://registry.npmjs.org/typescript/-/typescript-4.4.4.tgz",
      "integrity": "sha512-DqGhF5IKoBl8WNf8C1gu8q0xZSInh9j1kJJMqT3a94w1JzVaBU4EXOSMrz9yDqMT0xt3selp83fuFMQ0uzv6qA=="
    }
  }
}
